// !$*UTF8*$!
{
	archiveVersion = 1;
	classes = {
	};
	objectVersion = 56;
	objects = {

/* Begin PBXBuildFile section */
		2F08405A2AE8ED25007162E2 /* MasimoApp.swift in Sources */ = {isa = PBXBuildFile; fileRef = 2F0840592AE8ED25007162E2 /* MasimoApp.swift */; };
		2F08405C2AE8ED25007162E2 /* HomeView.swift in Sources */ = {isa = PBXBuildFile; fileRef = 2F08405B2AE8ED25007162E2 /* HomeView.swift */; };
		2F08405E2AE8ED29007162E2 /* Assets.xcassets in Resources */ = {isa = PBXBuildFile; fileRef = 2F08405D2AE8ED29007162E2 /* Assets.xcassets */; };
		2F0840612AE8ED29007162E2 /* Preview Assets.xcassets in Resources */ = {isa = PBXBuildFile; fileRef = 2F0840602AE8ED29007162E2 /* Preview Assets.xcassets */; };
		2F08406B2AE8ED2A007162E2 /* MasimoTests.swift in Sources */ = {isa = PBXBuildFile; fileRef = 2F08406A2AE8ED2A007162E2 /* MasimoTests.swift */; };
		2F0840752AE8ED2A007162E2 /* MasimoUITests.swift in Sources */ = {isa = PBXBuildFile; fileRef = 2F0840742AE8ED2A007162E2 /* MasimoUITests.swift */; };
		2F08408A2AE8EDB6007162E2 /* HomeViewModel.swift in Sources */ = {isa = PBXBuildFile; fileRef = 2F0840892AE8EDB6007162E2 /* HomeViewModel.swift */; };
		2FC637132AEB2187008EDC07 /* HomeViewModelTests.swift in Sources */ = {isa = PBXBuildFile; fileRef = 2FC637122AEB2187008EDC07 /* HomeViewModelTests.swift */; };
		2FC637152AEB244F008EDC07 /* DevicesViewModelTests.swift in Sources */ = {isa = PBXBuildFile; fileRef = 2FC637142AEB244F008EDC07 /* DevicesViewModelTests.swift */; };
		2FC637172AEB4B1E008EDC07 /* NowPlayingViewModelTests.swift in Sources */ = {isa = PBXBuildFile; fileRef = 2FC637162AEB4B1E008EDC07 /* NowPlayingViewModelTests.swift */; };
		2FC854382AE8F45D0025D292 /* DevicesView.swift in Sources */ = {isa = PBXBuildFile; fileRef = 2FC854372AE8F45D0025D292 /* DevicesView.swift */; };
		2FC8543A2AE8F46C0025D292 /* NowPlayingView.swift in Sources */ = {isa = PBXBuildFile; fileRef = 2FC854392AE8F46C0025D292 /* NowPlayingView.swift */; };
		2FC8543C2AE8F4760025D292 /* SettingsView.swift in Sources */ = {isa = PBXBuildFile; fileRef = 2FC8543B2AE8F4760025D292 /* SettingsView.swift */; };
		2FC8543E2AE8F5CC0025D292 /* DevicesViewModel.swift in Sources */ = {isa = PBXBuildFile; fileRef = 2FC8543D2AE8F5CC0025D292 /* DevicesViewModel.swift */; };
		2FC854472AE8F5E70025D292 /* Device.swift in Sources */ = {isa = PBXBuildFile; fileRef = 2FC854412AE8F5E70025D292 /* Device.swift */; };
		2FC854482AE8F5E70025D292 /* HTTPClient.swift in Sources */ = {isa = PBXBuildFile; fileRef = 2FC854422AE8F5E70025D292 /* HTTPClient.swift */; };
		2FC854492AE8F5E70025D292 /* MasimoService.swift in Sources */ = {isa = PBXBuildFile; fileRef = 2FC854442AE8F5E70025D292 /* MasimoService.swift */; };
		2FC8544A2AE8F5E70025D292 /* MasimoEndpoint.swift in Sources */ = {isa = PBXBuildFile; fileRef = 2FC854452AE8F5E70025D292 /* MasimoEndpoint.swift */; };
		2FC8544B2AE8F5E70025D292 /* Endpoint.swift in Sources */ = {isa = PBXBuildFile; fileRef = 2FC854462AE8F5E70025D292 /* Endpoint.swift */; };
		2FC8544D2AE8F6F10025D292 /* NowPlaying.swift in Sources */ = {isa = PBXBuildFile; fileRef = 2FC8544C2AE8F6F10025D292 /* NowPlaying.swift */; };
		2FC8544F2AE8F8D50025D292 /* MasimoManager.swift in Sources */ = {isa = PBXBuildFile; fileRef = 2FC8544E2AE8F8D50025D292 /* MasimoManager.swift */; };
		2FC854512AE91CD60025D292 /* MasimoManagable.swift in Sources */ = {isa = PBXBuildFile; fileRef = 2FC854502AE91CD60025D292 /* MasimoManagable.swift */; };
		2FC854542AE9200A0025D292 /* GlobalConvenienceMethods.swift in Sources */ = {isa = PBXBuildFile; fileRef = 2FC854532AE9200A0025D292 /* GlobalConvenienceMethods.swift */; };
		2FC854562AE923B40025D292 /* NowPlayingViewModel.swift in Sources */ = {isa = PBXBuildFile; fileRef = 2FC854552AE923B40025D292 /* NowPlayingViewModel.swift */; };
		2FC854582AE9D0180025D292 /* TimeInterval+Formatted.swift in Sources */ = {isa = PBXBuildFile; fileRef = 2FC854572AE9D0180025D292 /* TimeInterval+Formatted.swift */; };
		2FC8545C2AE9D67D0025D292 /* Color+Named.swift in Sources */ = {isa = PBXBuildFile; fileRef = 2FC8545B2AE9D67C0025D292 /* Color+Named.swift */; };
		2FC8545F2AE9DB9C0025D292 /* DeviceDisplayable+Mocks.swift in Sources */ = {isa = PBXBuildFile; fileRef = 2FC8545E2AE9DB9C0025D292 /* DeviceDisplayable+Mocks.swift */; };
		2FC854612AEA53BC0025D292 /* DeviceData.swift in Sources */ = {isa = PBXBuildFile; fileRef = 2FC854602AEA53BC0025D292 /* DeviceData.swift */; };
		2FC854642AEA7B360025D292 /* Mockable.swift in Sources */ = {isa = PBXBuildFile; fileRef = 2FC854632AEA7B360025D292 /* Mockable.swift */; };
		2FC854662AEA7B520025D292 /* MasimoServiceMock.swift in Sources */ = {isa = PBXBuildFile; fileRef = 2FC854652AEA7B520025D292 /* MasimoServiceMock.swift */; };
		2FC854682AEA7BEE0025D292 /* MasimoServiceTests.swift in Sources */ = {isa = PBXBuildFile; fileRef = 2FC854672AEA7BEE0025D292 /* MasimoServiceTests.swift */; };
		2FC8546C2AEA7D8D0025D292 /* now_playing_response.json in Resources */ = {isa = PBXBuildFile; fileRef = 2FC8546A2AEA7D8D0025D292 /* now_playing_response.json */; };
		2FC8546D2AEA7D8D0025D292 /* devices_response.json in Resources */ = {isa = PBXBuildFile; fileRef = 2FC8546B2AEA7D8D0025D292 /* devices_response.json */; };
		2FC854702AEA82A10025D292 /* MasimoManagerTests.swift in Sources */ = {isa = PBXBuildFile; fileRef = 2FC8546F2AEA82A10025D292 /* MasimoManagerTests.swift */; };
/* End PBXBuildFile section */

/* Begin PBXContainerItemProxy section */
		2F0840672AE8ED2A007162E2 /* PBXContainerItemProxy */ = {
			isa = PBXContainerItemProxy;
			containerPortal = 2F08404E2AE8ED25007162E2 /* Project object */;
			proxyType = 1;
			remoteGlobalIDString = 2F0840552AE8ED25007162E2;
			remoteInfo = Masimo;
		};
		2F0840712AE8ED2A007162E2 /* PBXContainerItemProxy */ = {
			isa = PBXContainerItemProxy;
			containerPortal = 2F08404E2AE8ED25007162E2 /* Project object */;
			proxyType = 1;
			remoteGlobalIDString = 2F0840552AE8ED25007162E2;
			remoteInfo = Masimo;
		};
/* End PBXContainerItemProxy section */

/* Begin PBXFileReference section */
		2F0840562AE8ED25007162E2 /* Masimo.app */ = {isa = PBXFileReference; explicitFileType = wrapper.application; includeInIndex = 0; path = Masimo.app; sourceTree = BUILT_PRODUCTS_DIR; };
		2F0840592AE8ED25007162E2 /* MasimoApp.swift */ = {isa = PBXFileReference; lastKnownFileType = sourcecode.swift; path = MasimoApp.swift; sourceTree = "<group>"; };
		2F08405B2AE8ED25007162E2 /* HomeView.swift */ = {isa = PBXFileReference; lastKnownFileType = sourcecode.swift; path = HomeView.swift; sourceTree = "<group>"; };
		2F08405D2AE8ED29007162E2 /* Assets.xcassets */ = {isa = PBXFileReference; lastKnownFileType = folder.assetcatalog; path = Assets.xcassets; sourceTree = "<group>"; };
		2F0840602AE8ED29007162E2 /* Preview Assets.xcassets */ = {isa = PBXFileReference; lastKnownFileType = folder.assetcatalog; path = "Preview Assets.xcassets"; sourceTree = "<group>"; };
		2F0840662AE8ED2A007162E2 /* MasimoTests.xctest */ = {isa = PBXFileReference; explicitFileType = wrapper.cfbundle; includeInIndex = 0; path = MasimoTests.xctest; sourceTree = BUILT_PRODUCTS_DIR; };
		2F08406A2AE8ED2A007162E2 /* MasimoTests.swift */ = {isa = PBXFileReference; lastKnownFileType = sourcecode.swift; path = MasimoTests.swift; sourceTree = "<group>"; };
		2F0840702AE8ED2A007162E2 /* MasimoUITests.xctest */ = {isa = PBXFileReference; explicitFileType = wrapper.cfbundle; includeInIndex = 0; path = MasimoUITests.xctest; sourceTree = BUILT_PRODUCTS_DIR; };
		2F0840742AE8ED2A007162E2 /* MasimoUITests.swift */ = {isa = PBXFileReference; lastKnownFileType = sourcecode.swift; path = MasimoUITests.swift; sourceTree = "<group>"; };
		2F0840892AE8EDB6007162E2 /* HomeViewModel.swift */ = {isa = PBXFileReference; lastKnownFileType = sourcecode.swift; path = HomeViewModel.swift; sourceTree = "<group>"; };
		2FC637122AEB2187008EDC07 /* HomeViewModelTests.swift */ = {isa = PBXFileReference; lastKnownFileType = sourcecode.swift; path = HomeViewModelTests.swift; sourceTree = "<group>"; };
		2FC637142AEB244F008EDC07 /* DevicesViewModelTests.swift */ = {isa = PBXFileReference; lastKnownFileType = sourcecode.swift; path = DevicesViewModelTests.swift; sourceTree = "<group>"; };
		2FC637162AEB4B1E008EDC07 /* NowPlayingViewModelTests.swift */ = {isa = PBXFileReference; lastKnownFileType = sourcecode.swift; path = NowPlayingViewModelTests.swift; sourceTree = "<group>"; };
		2FC854372AE8F45D0025D292 /* DevicesView.swift */ = {isa = PBXFileReference; lastKnownFileType = sourcecode.swift; path = DevicesView.swift; sourceTree = "<group>"; };
		2FC854392AE8F46C0025D292 /* NowPlayingView.swift */ = {isa = PBXFileReference; lastKnownFileType = sourcecode.swift; path = NowPlayingView.swift; sourceTree = "<group>"; };
		2FC8543B2AE8F4760025D292 /* SettingsView.swift */ = {isa = PBXFileReference; lastKnownFileType = sourcecode.swift; path = SettingsView.swift; sourceTree = "<group>"; };
		2FC8543D2AE8F5CC0025D292 /* DevicesViewModel.swift */ = {isa = PBXFileReference; lastKnownFileType = sourcecode.swift; path = DevicesViewModel.swift; sourceTree = "<group>"; };
		2FC854412AE8F5E70025D292 /* Device.swift */ = {isa = PBXFileReference; fileEncoding = 4; lastKnownFileType = sourcecode.swift; path = Device.swift; sourceTree = "<group>"; };
		2FC854422AE8F5E70025D292 /* HTTPClient.swift */ = {isa = PBXFileReference; fileEncoding = 4; lastKnownFileType = sourcecode.swift; path = HTTPClient.swift; sourceTree = "<group>"; };
		2FC854442AE8F5E70025D292 /* MasimoService.swift */ = {isa = PBXFileReference; fileEncoding = 4; lastKnownFileType = sourcecode.swift; path = MasimoService.swift; sourceTree = "<group>"; };
		2FC854452AE8F5E70025D292 /* MasimoEndpoint.swift */ = {isa = PBXFileReference; fileEncoding = 4; lastKnownFileType = sourcecode.swift; path = MasimoEndpoint.swift; sourceTree = "<group>"; };
		2FC854462AE8F5E70025D292 /* Endpoint.swift */ = {isa = PBXFileReference; fileEncoding = 4; lastKnownFileType = sourcecode.swift; path = Endpoint.swift; sourceTree = "<group>"; };
		2FC8544C2AE8F6F10025D292 /* NowPlaying.swift */ = {isa = PBXFileReference; fileEncoding = 4; lastKnownFileType = sourcecode.swift; path = NowPlaying.swift; sourceTree = "<group>"; };
		2FC8544E2AE8F8D50025D292 /* MasimoManager.swift */ = {isa = PBXFileReference; lastKnownFileType = sourcecode.swift; path = MasimoManager.swift; sourceTree = "<group>"; };
		2FC854502AE91CD60025D292 /* MasimoManagable.swift */ = {isa = PBXFileReference; lastKnownFileType = sourcecode.swift; path = MasimoManagable.swift; sourceTree = "<group>"; };
		2FC854532AE9200A0025D292 /* GlobalConvenienceMethods.swift */ = {isa = PBXFileReference; lastKnownFileType = sourcecode.swift; path = GlobalConvenienceMethods.swift; sourceTree = "<group>"; };
		2FC854552AE923B40025D292 /* NowPlayingViewModel.swift */ = {isa = PBXFileReference; lastKnownFileType = sourcecode.swift; path = NowPlayingViewModel.swift; sourceTree = "<group>"; };
		2FC854572AE9D0180025D292 /* TimeInterval+Formatted.swift */ = {isa = PBXFileReference; lastKnownFileType = sourcecode.swift; path = "TimeInterval+Formatted.swift"; sourceTree = "<group>"; };
		2FC8545B2AE9D67C0025D292 /* Color+Named.swift */ = {isa = PBXFileReference; lastKnownFileType = sourcecode.swift; path = "Color+Named.swift"; sourceTree = "<group>"; };
		2FC8545E2AE9DB9C0025D292 /* DeviceDisplayable+Mocks.swift */ = {isa = PBXFileReference; lastKnownFileType = sourcecode.swift; path = "DeviceDisplayable+Mocks.swift"; sourceTree = "<group>"; };
		2FC854602AEA53BC0025D292 /* DeviceData.swift */ = {isa = PBXFileReference; lastKnownFileType = sourcecode.swift; path = DeviceData.swift; sourceTree = "<group>"; };
		2FC854632AEA7B360025D292 /* Mockable.swift */ = {isa = PBXFileReference; lastKnownFileType = sourcecode.swift; path = Mockable.swift; sourceTree = "<group>"; };
		2FC854652AEA7B520025D292 /* MasimoServiceMock.swift */ = {isa = PBXFileReference; lastKnownFileType = sourcecode.swift; path = MasimoServiceMock.swift; sourceTree = "<group>"; };
		2FC854672AEA7BEE0025D292 /* MasimoServiceTests.swift */ = {isa = PBXFileReference; lastKnownFileType = sourcecode.swift; path = MasimoServiceTests.swift; sourceTree = "<group>"; };
		2FC8546A2AEA7D8D0025D292 /* now_playing_response.json */ = {isa = PBXFileReference; fileEncoding = 4; lastKnownFileType = text.json; path = now_playing_response.json; sourceTree = "<group>"; };
		2FC8546B2AEA7D8D0025D292 /* devices_response.json */ = {isa = PBXFileReference; fileEncoding = 4; lastKnownFileType = text.json; path = devices_response.json; sourceTree = "<group>"; };
		2FC8546F2AEA82A10025D292 /* MasimoManagerTests.swift */ = {isa = PBXFileReference; lastKnownFileType = sourcecode.swift; path = MasimoManagerTests.swift; sourceTree = "<group>"; };
/* End PBXFileReference section */

/* Begin PBXFrameworksBuildPhase section */
		2F0840532AE8ED25007162E2 /* Frameworks */ = {
			isa = PBXFrameworksBuildPhase;
			buildActionMask = 2147483647;
			files = (
			);
			runOnlyForDeploymentPostprocessing = 0;
		};
		2F0840632AE8ED2A007162E2 /* Frameworks */ = {
			isa = PBXFrameworksBuildPhase;
			buildActionMask = 2147483647;
			files = (
			);
			runOnlyForDeploymentPostprocessing = 0;
		};
		2F08406D2AE8ED2A007162E2 /* Frameworks */ = {
			isa = PBXFrameworksBuildPhase;
			buildActionMask = 2147483647;
			files = (
			);
			runOnlyForDeploymentPostprocessing = 0;
		};
/* End PBXFrameworksBuildPhase section */

/* Begin PBXGroup section */
		2F08404D2AE8ED25007162E2 = {
			isa = PBXGroup;
			children = (
				2F0840582AE8ED25007162E2 /* Masimo */,
				2F0840692AE8ED2A007162E2 /* MasimoTests */,
				2F0840732AE8ED2A007162E2 /* MasimoUITests */,
				2F0840572AE8ED25007162E2 /* Products */,
			);
			sourceTree = "<group>";
		};
		2F0840572AE8ED25007162E2 /* Products */ = {
			isa = PBXGroup;
			children = (
				2F0840562AE8ED25007162E2 /* Masimo.app */,
				2F0840662AE8ED2A007162E2 /* MasimoTests.xctest */,
				2F0840702AE8ED2A007162E2 /* MasimoUITests.xctest */,
			);
			name = Products;
			sourceTree = "<group>";
		};
		2F0840582AE8ED25007162E2 /* Masimo */ = {
			isa = PBXGroup;
			children = (
				2FC854522AE91FFB0025D292 /* Common */,
				2F0840852AE8ED4C007162E2 /* DataLayer */,
				2F0840842AE8ED45007162E2 /* DomainLayer */,
				2F0840832AE8ED3B007162E2 /* PresentationLayer */,
				2F0840592AE8ED25007162E2 /* MasimoApp.swift */,
				2F08405D2AE8ED29007162E2 /* Assets.xcassets */,
				2F08405F2AE8ED29007162E2 /* Preview Content */,
			);
			path = Masimo;
			sourceTree = "<group>";
		};
		2F08405F2AE8ED29007162E2 /* Preview Content */ = {
			isa = PBXGroup;
			children = (
				2F0840602AE8ED29007162E2 /* Preview Assets.xcassets */,
			);
			path = "Preview Content";
			sourceTree = "<group>";
		};
		2F0840692AE8ED2A007162E2 /* MasimoTests */ = {
			isa = PBXGroup;
			children = (
				2FC854712AEA84AC0025D292 /* PresentationLayer */,
				2FC8546E2AEA82790025D292 /* DomainLayer */,
				2FC854622AEA7B1F0025D292 /* NetworkLayer */,
				2F08406A2AE8ED2A007162E2 /* MasimoTests.swift */,
			);
			path = MasimoTests;
			sourceTree = "<group>";
		};
		2F0840732AE8ED2A007162E2 /* MasimoUITests */ = {
			isa = PBXGroup;
			children = (
				2F0840742AE8ED2A007162E2 /* MasimoUITests.swift */,
			);
			path = MasimoUITests;
			sourceTree = "<group>";
		};
		2F0840832AE8ED3B007162E2 /* PresentationLayer */ = {
			isa = PBXGroup;
			children = (
				2FC8545D2AE9DB870025D292 /* Mocks */,
				2F0840882AE8ED72007162E2 /* ViewModels */,
				2F0840872AE8ED6D007162E2 /* Views */,
			);
			path = PresentationLayer;
			sourceTree = "<group>";
		};
		2F0840842AE8ED45007162E2 /* DomainLayer */ = {
			isa = PBXGroup;
			children = (
				2FC8544E2AE8F8D50025D292 /* MasimoManager.swift */,
				2FC854502AE91CD60025D292 /* MasimoManagable.swift */,
				2FC854602AEA53BC0025D292 /* DeviceData.swift */,
			);
			path = DomainLayer;
			sourceTree = "<group>";
		};
		2F0840852AE8ED4C007162E2 /* DataLayer */ = {
			isa = PBXGroup;
			children = (
				2FC8543F2AE8F5E70025D292 /* Network */,
			);
			path = DataLayer;
			sourceTree = "<group>";
		};
		2F0840872AE8ED6D007162E2 /* Views */ = {
			isa = PBXGroup;
			children = (
				2F08405B2AE8ED25007162E2 /* HomeView.swift */,
				2FC854372AE8F45D0025D292 /* DevicesView.swift */,
				2FC854392AE8F46C0025D292 /* NowPlayingView.swift */,
				2FC8543B2AE8F4760025D292 /* SettingsView.swift */,
			);
			path = Views;
			sourceTree = "<group>";
		};
		2F0840882AE8ED72007162E2 /* ViewModels */ = {
			isa = PBXGroup;
			children = (
				2F0840892AE8EDB6007162E2 /* HomeViewModel.swift */,
				2FC8543D2AE8F5CC0025D292 /* DevicesViewModel.swift */,
				2FC854552AE923B40025D292 /* NowPlayingViewModel.swift */,
			);
			path = ViewModels;
			sourceTree = "<group>";
		};
		2FC8543F2AE8F5E70025D292 /* Network */ = {
			isa = PBXGroup;
			children = (
				2FC854402AE8F5E70025D292 /* Models */,
				2FC854422AE8F5E70025D292 /* HTTPClient.swift */,
				2FC854432AE8F5E70025D292 /* API */,
				2FC854462AE8F5E70025D292 /* Endpoint.swift */,
			);
			path = Network;
			sourceTree = "<group>";
		};
		2FC854402AE8F5E70025D292 /* Models */ = {
			isa = PBXGroup;
			children = (
				2FC854412AE8F5E70025D292 /* Device.swift */,
				2FC8544C2AE8F6F10025D292 /* NowPlaying.swift */,
			);
			path = Models;
			sourceTree = "<group>";
		};
		2FC854432AE8F5E70025D292 /* API */ = {
			isa = PBXGroup;
			children = (
				2FC854442AE8F5E70025D292 /* MasimoService.swift */,
				2FC854452AE8F5E70025D292 /* MasimoEndpoint.swift */,
			);
			path = API;
			sourceTree = "<group>";
		};
		2FC854522AE91FFB0025D292 /* Common */ = {
			isa = PBXGroup;
			children = (
				2FC854532AE9200A0025D292 /* GlobalConvenienceMethods.swift */,
				2FC854572AE9D0180025D292 /* TimeInterval+Formatted.swift */,
				2FC8545B2AE9D67C0025D292 /* Color+Named.swift */,
			);
			path = Common;
			sourceTree = "<group>";
		};
		2FC8545D2AE9DB870025D292 /* Mocks */ = {
			isa = PBXGroup;
			children = (
				2FC8545E2AE9DB9C0025D292 /* DeviceDisplayable+Mocks.swift */,
			);
			path = Mocks;
			sourceTree = "<group>";
		};
		2FC854622AEA7B1F0025D292 /* NetworkLayer */ = {
			isa = PBXGroup;
			children = (
				2FC854692AEA7CD90025D292 /* Resources */,
				2FC854632AEA7B360025D292 /* Mockable.swift */,
				2FC854652AEA7B520025D292 /* MasimoServiceMock.swift */,
				2FC854672AEA7BEE0025D292 /* MasimoServiceTests.swift */,
			);
			path = NetworkLayer;
			sourceTree = "<group>";
		};
		2FC854692AEA7CD90025D292 /* Resources */ = {
			isa = PBXGroup;
			children = (
				2FC8546B2AEA7D8D0025D292 /* devices_response.json */,
				2FC8546A2AEA7D8D0025D292 /* now_playing_response.json */,
			);
			path = Resources;
			sourceTree = "<group>";
		};
		2FC8546E2AEA82790025D292 /* DomainLayer */ = {
			isa = PBXGroup;
			children = (
				2FC8546F2AEA82A10025D292 /* MasimoManagerTests.swift */,
			);
			path = DomainLayer;
			sourceTree = "<group>";
		};
		2FC854712AEA84AC0025D292 /* PresentationLayer */ = {
			isa = PBXGroup;
			children = (
				2FC637122AEB2187008EDC07 /* HomeViewModelTests.swift */,
				2FC637142AEB244F008EDC07 /* DevicesViewModelTests.swift */,
				2FC637162AEB4B1E008EDC07 /* NowPlayingViewModelTests.swift */,
			);
			path = PresentationLayer;
			sourceTree = "<group>";
		};
/* End PBXGroup section */

/* Begin PBXNativeTarget section */
		2F0840552AE8ED25007162E2 /* Masimo */ = {
			isa = PBXNativeTarget;
			buildConfigurationList = 2F08407A2AE8ED2A007162E2 /* Build configuration list for PBXNativeTarget "Masimo" */;
			buildPhases = (
				2F0840522AE8ED25007162E2 /* Sources */,
				2F0840532AE8ED25007162E2 /* Frameworks */,
				2F0840542AE8ED25007162E2 /* Resources */,
			);
			buildRules = (
			);
			dependencies = (
			);
			name = Masimo;
			productName = Masimo;
			productReference = 2F0840562AE8ED25007162E2 /* Masimo.app */;
			productType = "com.apple.product-type.application";
		};
		2F0840652AE8ED2A007162E2 /* MasimoTests */ = {
			isa = PBXNativeTarget;
			buildConfigurationList = 2F08407D2AE8ED2A007162E2 /* Build configuration list for PBXNativeTarget "MasimoTests" */;
			buildPhases = (
				2F0840622AE8ED2A007162E2 /* Sources */,
				2F0840632AE8ED2A007162E2 /* Frameworks */,
				2F0840642AE8ED2A007162E2 /* Resources */,
			);
			buildRules = (
			);
			dependencies = (
				2F0840682AE8ED2A007162E2 /* PBXTargetDependency */,
			);
			name = MasimoTests;
			productName = MasimoTests;
			productReference = 2F0840662AE8ED2A007162E2 /* MasimoTests.xctest */;
			productType = "com.apple.product-type.bundle.unit-test";
		};
		2F08406F2AE8ED2A007162E2 /* MasimoUITests */ = {
			isa = PBXNativeTarget;
			buildConfigurationList = 2F0840802AE8ED2A007162E2 /* Build configuration list for PBXNativeTarget "MasimoUITests" */;
			buildPhases = (
				2F08406C2AE8ED2A007162E2 /* Sources */,
				2F08406D2AE8ED2A007162E2 /* Frameworks */,
				2F08406E2AE8ED2A007162E2 /* Resources */,
			);
			buildRules = (
			);
			dependencies = (
				2F0840722AE8ED2A007162E2 /* PBXTargetDependency */,
			);
			name = MasimoUITests;
			productName = MasimoUITests;
			productReference = 2F0840702AE8ED2A007162E2 /* MasimoUITests.xctest */;
			productType = "com.apple.product-type.bundle.ui-testing";
		};
/* End PBXNativeTarget section */

/* Begin PBXProject section */
		2F08404E2AE8ED25007162E2 /* Project object */ = {
			isa = PBXProject;
			attributes = {
				BuildIndependentTargetsInParallel = 1;
				LastSwiftUpdateCheck = 1500;
				LastUpgradeCheck = 1500;
				TargetAttributes = {
					2F0840552AE8ED25007162E2 = {
						CreatedOnToolsVersion = 15.0.1;
					};
					2F0840652AE8ED2A007162E2 = {
						CreatedOnToolsVersion = 15.0.1;
						TestTargetID = 2F0840552AE8ED25007162E2;
					};
					2F08406F2AE8ED2A007162E2 = {
						CreatedOnToolsVersion = 15.0.1;
						TestTargetID = 2F0840552AE8ED25007162E2;
					};
				};
			};
			buildConfigurationList = 2F0840512AE8ED25007162E2 /* Build configuration list for PBXProject "Masimo" */;
			compatibilityVersion = "Xcode 14.0";
			developmentRegion = en;
			hasScannedForEncodings = 0;
			knownRegions = (
				en,
				Base,
			);
			mainGroup = 2F08404D2AE8ED25007162E2;
			productRefGroup = 2F0840572AE8ED25007162E2 /* Products */;
			projectDirPath = "";
			projectRoot = "";
			targets = (
				2F0840552AE8ED25007162E2 /* Masimo */,
				2F0840652AE8ED2A007162E2 /* MasimoTests */,
				2F08406F2AE8ED2A007162E2 /* MasimoUITests */,
			);
		};
/* End PBXProject section */

/* Begin PBXResourcesBuildPhase section */
		2F0840542AE8ED25007162E2 /* Resources */ = {
			isa = PBXResourcesBuildPhase;
			buildActionMask = 2147483647;
			files = (
				2F0840612AE8ED29007162E2 /* Preview Assets.xcassets in Resources */,
				2F08405E2AE8ED29007162E2 /* Assets.xcassets in Resources */,
			);
			runOnlyForDeploymentPostprocessing = 0;
		};
		2F0840642AE8ED2A007162E2 /* Resources */ = {
			isa = PBXResourcesBuildPhase;
			buildActionMask = 2147483647;
			files = (
				2FC8546D2AEA7D8D0025D292 /* devices_response.json in Resources */,
				2FC8546C2AEA7D8D0025D292 /* now_playing_response.json in Resources */,
			);
			runOnlyForDeploymentPostprocessing = 0;
		};
		2F08406E2AE8ED2A007162E2 /* Resources */ = {
			isa = PBXResourcesBuildPhase;
			buildActionMask = 2147483647;
			files = (
			);
			runOnlyForDeploymentPostprocessing = 0;
		};
/* End PBXResourcesBuildPhase section */

/* Begin PBXSourcesBuildPhase section */
		2F0840522AE8ED25007162E2 /* Sources */ = {
			isa = PBXSourcesBuildPhase;
			buildActionMask = 2147483647;
			files = (
				2FC854562AE923B40025D292 /* NowPlayingViewModel.swift in Sources */,
				2F08405C2AE8ED25007162E2 /* HomeView.swift in Sources */,
				2FC854512AE91CD60025D292 /* MasimoManagable.swift in Sources */,
				2FC8544A2AE8F5E70025D292 /* MasimoEndpoint.swift in Sources */,
				2FC854582AE9D0180025D292 /* TimeInterval+Formatted.swift in Sources */,
				2F08408A2AE8EDB6007162E2 /* HomeViewModel.swift in Sources */,
				2FC8544F2AE8F8D50025D292 /* MasimoManager.swift in Sources */,
				2FC854382AE8F45D0025D292 /* DevicesView.swift in Sources */,
				2FC8543E2AE8F5CC0025D292 /* DevicesViewModel.swift in Sources */,
				2FC8543C2AE8F4760025D292 /* SettingsView.swift in Sources */,
				2FC8545F2AE9DB9C0025D292 /* DeviceDisplayable+Mocks.swift in Sources */,
				2FC854482AE8F5E70025D292 /* HTTPClient.swift in Sources */,
				2FC854472AE8F5E70025D292 /* Device.swift in Sources */,
				2FC8544D2AE8F6F10025D292 /* NowPlaying.swift in Sources */,
				2FC854542AE9200A0025D292 /* GlobalConvenienceMethods.swift in Sources */,
				2F08405A2AE8ED25007162E2 /* MasimoApp.swift in Sources */,
				2FC854492AE8F5E70025D292 /* MasimoService.swift in Sources */,
				2FC8544B2AE8F5E70025D292 /* Endpoint.swift in Sources */,
				2FC8543A2AE8F46C0025D292 /* NowPlayingView.swift in Sources */,
				2FC8545C2AE9D67D0025D292 /* Color+Named.swift in Sources */,
				2FC854612AEA53BC0025D292 /* DeviceData.swift in Sources */,
			);
			runOnlyForDeploymentPostprocessing = 0;
		};
		2F0840622AE8ED2A007162E2 /* Sources */ = {
			isa = PBXSourcesBuildPhase;
			buildActionMask = 2147483647;
			files = (
				2FC637172AEB4B1E008EDC07 /* NowPlayingViewModelTests.swift in Sources */,
				2FC854662AEA7B520025D292 /* MasimoServiceMock.swift in Sources */,
				2FC637152AEB244F008EDC07 /* DevicesViewModelTests.swift in Sources */,
				2FC854702AEA82A10025D292 /* MasimoManagerTests.swift in Sources */,
				2FC854682AEA7BEE0025D292 /* MasimoServiceTests.swift in Sources */,
				2F08406B2AE8ED2A007162E2 /* MasimoTests.swift in Sources */,
				2FC854642AEA7B360025D292 /* Mockable.swift in Sources */,
				2FC637132AEB2187008EDC07 /* HomeViewModelTests.swift in Sources */,
			);
			runOnlyForDeploymentPostprocessing = 0;
		};
		2F08406C2AE8ED2A007162E2 /* Sources */ = {
			isa = PBXSourcesBuildPhase;
			buildActionMask = 2147483647;
			files = (
				2F0840752AE8ED2A007162E2 /* MasimoUITests.swift in Sources */,
			);
			runOnlyForDeploymentPostprocessing = 0;
		};
/* End PBXSourcesBuildPhase section */

/* Begin PBXTargetDependency section */
		2F0840682AE8ED2A007162E2 /* PBXTargetDependency */ = {
			isa = PBXTargetDependency;
			target = 2F0840552AE8ED25007162E2 /* Masimo */;
			targetProxy = 2F0840672AE8ED2A007162E2 /* PBXContainerItemProxy */;
		};
		2F0840722AE8ED2A007162E2 /* PBXTargetDependency */ = {
			isa = PBXTargetDependency;
			target = 2F0840552AE8ED25007162E2 /* Masimo */;
			targetProxy = 2F0840712AE8ED2A007162E2 /* PBXContainerItemProxy */;
		};
/* End PBXTargetDependency section */

/* Begin XCBuildConfiguration section */
		2F0840782AE8ED2A007162E2 /* Debug */ = {
			isa = XCBuildConfiguration;
			buildSettings = {
				ALWAYS_SEARCH_USER_PATHS = NO;
				ASSETCATALOG_COMPILER_GENERATE_SWIFT_ASSET_SYMBOL_EXTENSIONS = YES;
				CLANG_ANALYZER_NONNULL = YES;
				CLANG_ANALYZER_NUMBER_OBJECT_CONVERSION = YES_AGGRESSIVE;
				CLANG_CXX_LANGUAGE_STANDARD = "gnu++20";
				CLANG_ENABLE_MODULES = YES;
				CLANG_ENABLE_OBJC_ARC = YES;
				CLANG_ENABLE_OBJC_WEAK = YES;
				CLANG_WARN_BLOCK_CAPTURE_AUTORELEASING = YES;
				CLANG_WARN_BOOL_CONVERSION = YES;
				CLANG_WARN_COMMA = YES;
				CLANG_WARN_CONSTANT_CONVERSION = YES;
				CLANG_WARN_DEPRECATED_OBJC_IMPLEMENTATIONS = YES;
				CLANG_WARN_DIRECT_OBJC_ISA_USAGE = YES_ERROR;
				CLANG_WARN_DOCUMENTATION_COMMENTS = YES;
				CLANG_WARN_EMPTY_BODY = YES;
				CLANG_WARN_ENUM_CONVERSION = YES;
				CLANG_WARN_INFINITE_RECURSION = YES;
				CLANG_WARN_INT_CONVERSION = YES;
				CLANG_WARN_NON_LITERAL_NULL_CONVERSION = YES;
				CLANG_WARN_OBJC_IMPLICIT_RETAIN_SELF = YES;
				CLANG_WARN_OBJC_LITERAL_CONVERSION = YES;
				CLANG_WARN_OBJC_ROOT_CLASS = YES_ERROR;
				CLANG_WARN_QUOTED_INCLUDE_IN_FRAMEWORK_HEADER = YES;
				CLANG_WARN_RANGE_LOOP_ANALYSIS = YES;
				CLANG_WARN_STRICT_PROTOTYPES = YES;
				CLANG_WARN_SUSPICIOUS_MOVE = YES;
				CLANG_WARN_UNGUARDED_AVAILABILITY = YES_AGGRESSIVE;
				CLANG_WARN_UNREACHABLE_CODE = YES;
				CLANG_WARN__DUPLICATE_METHOD_MATCH = YES;
				COPY_PHASE_STRIP = NO;
				DEBUG_INFORMATION_FORMAT = dwarf;
				ENABLE_STRICT_OBJC_MSGSEND = YES;
				ENABLE_TESTABILITY = YES;
				ENABLE_USER_SCRIPT_SANDBOXING = YES;
				GCC_C_LANGUAGE_STANDARD = gnu17;
				GCC_DYNAMIC_NO_PIC = NO;
				GCC_NO_COMMON_BLOCKS = YES;
				GCC_OPTIMIZATION_LEVEL = 0;
				GCC_PREPROCESSOR_DEFINITIONS = (
					"DEBUG=1",
					"$(inherited)",
				);
				GCC_WARN_64_TO_32_BIT_CONVERSION = YES;
				GCC_WARN_ABOUT_RETURN_TYPE = YES_ERROR;
				GCC_WARN_UNDECLARED_SELECTOR = YES;
				GCC_WARN_UNINITIALIZED_AUTOS = YES_AGGRESSIVE;
				GCC_WARN_UNUSED_FUNCTION = YES;
				GCC_WARN_UNUSED_VARIABLE = YES;
				IPHONEOS_DEPLOYMENT_TARGET = 17.0;
				LOCALIZATION_PREFERS_STRING_CATALOGS = YES;
				MTL_ENABLE_DEBUG_INFO = INCLUDE_SOURCE;
				MTL_FAST_MATH = YES;
				ONLY_ACTIVE_ARCH = YES;
				SDKROOT = iphoneos;
				SWIFT_ACTIVE_COMPILATION_CONDITIONS = "DEBUG $(inherited)";
				SWIFT_OPTIMIZATION_LEVEL = "-Onone";
			};
			name = Debug;
		};
		2F0840792AE8ED2A007162E2 /* Release */ = {
			isa = XCBuildConfiguration;
			buildSettings = {
				ALWAYS_SEARCH_USER_PATHS = NO;
				ASSETCATALOG_COMPILER_GENERATE_SWIFT_ASSET_SYMBOL_EXTENSIONS = YES;
				CLANG_ANALYZER_NONNULL = YES;
				CLANG_ANALYZER_NUMBER_OBJECT_CONVERSION = YES_AGGRESSIVE;
				CLANG_CXX_LANGUAGE_STANDARD = "gnu++20";
				CLANG_ENABLE_MODULES = YES;
				CLANG_ENABLE_OBJC_ARC = YES;
				CLANG_ENABLE_OBJC_WEAK = YES;
				CLANG_WARN_BLOCK_CAPTURE_AUTORELEASING = YES;
				CLANG_WARN_BOOL_CONVERSION = YES;
				CLANG_WARN_COMMA = YES;
				CLANG_WARN_CONSTANT_CONVERSION = YES;
				CLANG_WARN_DEPRECATED_OBJC_IMPLEMENTATIONS = YES;
				CLANG_WARN_DIRECT_OBJC_ISA_USAGE = YES_ERROR;
				CLANG_WARN_DOCUMENTATION_COMMENTS = YES;
				CLANG_WARN_EMPTY_BODY = YES;
				CLANG_WARN_ENUM_CONVERSION = YES;
				CLANG_WARN_INFINITE_RECURSION = YES;
				CLANG_WARN_INT_CONVERSION = YES;
				CLANG_WARN_NON_LITERAL_NULL_CONVERSION = YES;
				CLANG_WARN_OBJC_IMPLICIT_RETAIN_SELF = YES;
				CLANG_WARN_OBJC_LITERAL_CONVERSION = YES;
				CLANG_WARN_OBJC_ROOT_CLASS = YES_ERROR;
				CLANG_WARN_QUOTED_INCLUDE_IN_FRAMEWORK_HEADER = YES;
				CLANG_WARN_RANGE_LOOP_ANALYSIS = YES;
				CLANG_WARN_STRICT_PROTOTYPES = YES;
				CLANG_WARN_SUSPICIOUS_MOVE = YES;
				CLANG_WARN_UNGUARDED_AVAILABILITY = YES_AGGRESSIVE;
				CLANG_WARN_UNREACHABLE_CODE = YES;
				CLANG_WARN__DUPLICATE_METHOD_MATCH = YES;
				COPY_PHASE_STRIP = NO;
				DEBUG_INFORMATION_FORMAT = "dwarf-with-dsym";
				ENABLE_NS_ASSERTIONS = NO;
				ENABLE_STRICT_OBJC_MSGSEND = YES;
				ENABLE_USER_SCRIPT_SANDBOXING = YES;
				GCC_C_LANGUAGE_STANDARD = gnu17;
				GCC_NO_COMMON_BLOCKS = YES;
				GCC_WARN_64_TO_32_BIT_CONVERSION = YES;
				GCC_WARN_ABOUT_RETURN_TYPE = YES_ERROR;
				GCC_WARN_UNDECLARED_SELECTOR = YES;
				GCC_WARN_UNINITIALIZED_AUTOS = YES_AGGRESSIVE;
				GCC_WARN_UNUSED_FUNCTION = YES;
				GCC_WARN_UNUSED_VARIABLE = YES;
				IPHONEOS_DEPLOYMENT_TARGET = 17.0;
				LOCALIZATION_PREFERS_STRING_CATALOGS = YES;
				MTL_ENABLE_DEBUG_INFO = NO;
				MTL_FAST_MATH = YES;
				SDKROOT = iphoneos;
				SWIFT_COMPILATION_MODE = wholemodule;
				VALIDATE_PRODUCT = YES;
			};
			name = Release;
		};
		2F08407B2AE8ED2A007162E2 /* Debug */ = {
			isa = XCBuildConfiguration;
			buildSettings = {
				ASSETCATALOG_COMPILER_APPICON_NAME = AppIcon;
				ASSETCATALOG_COMPILER_GLOBAL_ACCENT_COLOR_NAME = AccentColor;
				CODE_SIGN_STYLE = Automatic;
				CURRENT_PROJECT_VERSION = 1;
				DEVELOPMENT_ASSET_PATHS = "\"Masimo/Preview Content\"";
				DEVELOPMENT_TEAM = 2X8Z2D5EWJ;
				ENABLE_PREVIEWS = YES;
				GENERATE_INFOPLIST_FILE = YES;
				INFOPLIST_KEY_UIApplicationSceneManifest_Generation = YES;
				INFOPLIST_KEY_UIApplicationSupportsIndirectInputEvents = YES;
				INFOPLIST_KEY_UILaunchScreen_Generation = YES;
				INFOPLIST_KEY_UISupportedInterfaceOrientations_iPad = "UIInterfaceOrientationPortrait UIInterfaceOrientationPortraitUpsideDown UIInterfaceOrientationLandscapeLeft UIInterfaceOrientationLandscapeRight";
				INFOPLIST_KEY_UISupportedInterfaceOrientations_iPhone = "UIInterfaceOrientationPortrait UIInterfaceOrientationLandscapeLeft UIInterfaceOrientationLandscapeRight";
				LD_RUNPATH_SEARCH_PATHS = (
					"$(inherited)",
					"@executable_path/Frameworks",
				);
				MARKETING_VERSION = 1.0;
				PRODUCT_BUNDLE_IDENTIFIER = dipesh.iOS.Masimo;
				PRODUCT_NAME = "$(TARGET_NAME)";
				SWIFT_EMIT_LOC_STRINGS = YES;
				SWIFT_VERSION = 5.0;
				TARGETED_DEVICE_FAMILY = "1,2";
			};
			name = Debug;
		};
		2F08407C2AE8ED2A007162E2 /* Release */ = {
			isa = XCBuildConfiguration;
			buildSettings = {
				ASSETCATALOG_COMPILER_APPICON_NAME = AppIcon;
				ASSETCATALOG_COMPILER_GLOBAL_ACCENT_COLOR_NAME = AccentColor;
				CODE_SIGN_STYLE = Automatic;
				CURRENT_PROJECT_VERSION = 1;
				DEVELOPMENT_ASSET_PATHS = "\"Masimo/Preview Content\"";
				DEVELOPMENT_TEAM = 2X8Z2D5EWJ;
				ENABLE_PREVIEWS = YES;
				GENERATE_INFOPLIST_FILE = YES;
				INFOPLIST_KEY_UIApplicationSceneManifest_Generation = YES;
				INFOPLIST_KEY_UIApplicationSupportsIndirectInputEvents = YES;
				INFOPLIST_KEY_UILaunchScreen_Generation = YES;
				INFOPLIST_KEY_UISupportedInterfaceOrientations_iPad = "UIInterfaceOrientationPortrait UIInterfaceOrientationPortraitUpsideDown UIInterfaceOrientationLandscapeLeft UIInterfaceOrientationLandscapeRight";
				INFOPLIST_KEY_UISupportedInterfaceOrientations_iPhone = "UIInterfaceOrientationPortrait UIInterfaceOrientationLandscapeLeft UIInterfaceOrientationLandscapeRight";
				LD_RUNPATH_SEARCH_PATHS = (
					"$(inherited)",
					"@executable_path/Frameworks",
				);
				MARKETING_VERSION = 1.0;
				PRODUCT_BUNDLE_IDENTIFIER = dipesh.iOS.Masimo;
				PRODUCT_NAME = "$(TARGET_NAME)";
				SWIFT_EMIT_LOC_STRINGS = YES;
				SWIFT_VERSION = 5.0;
				TARGETED_DEVICE_FAMILY = "1,2";
			};
			name = Release;
		};
		2F08407E2AE8ED2A007162E2 /* Debug */ = {
			isa = XCBuildConfiguration;
			buildSettings = {
				ALWAYS_EMBED_SWIFT_STANDARD_LIBRARIES = YES;
				BUNDLE_LOADER = "$(TEST_HOST)";
				CODE_SIGN_STYLE = Automatic;
				CURRENT_PROJECT_VERSION = 1;
				DEVELOPMENT_TEAM = 2X8Z2D5EWJ;
				GENERATE_INFOPLIST_FILE = YES;
				IPHONEOS_DEPLOYMENT_TARGET = 17.0;
				MARKETING_VERSION = 1.0;
				PRODUCT_BUNDLE_IDENTIFIER = dipesh.iOS.MasimoTests;
				PRODUCT_NAME = "$(TARGET_NAME)";
				SWIFT_EMIT_LOC_STRINGS = NO;
				SWIFT_VERSION = 5.0;
				TARGETED_DEVICE_FAMILY = "1,2";
				TEST_HOST = "$(BUILT_PRODUCTS_DIR)/Masimo.app/$(BUNDLE_EXECUTABLE_FOLDER_PATH)/Masimo";
			};
			name = Debug;
		};
		2F08407F2AE8ED2A007162E2 /* Release */ = {
			isa = XCBuildConfiguration;
			buildSettings = {
				ALWAYS_EMBED_SWIFT_STANDARD_LIBRARIES = YES;
				BUNDLE_LOADER = "$(TEST_HOST)";
				CODE_SIGN_STYLE = Automatic;
				CURRENT_PROJECT_VERSION = 1;
				DEVELOPMENT_TEAM = 2X8Z2D5EWJ;
				GENERATE_INFOPLIST_FILE = YES;
				IPHONEOS_DEPLOYMENT_TARGET = 17.0;
				MARKETING_VERSION = 1.0;
				PRODUCT_BUNDLE_IDENTIFIER = dipesh.iOS.MasimoTests;
				PRODUCT_NAME = "$(TARGET_NAME)";
				SWIFT_EMIT_LOC_STRINGS = NO;
				SWIFT_VERSION = 5.0;
				TARGETED_DEVICE_FAMILY = "1,2";
				TEST_HOST = "$(BUILT_PRODUCTS_DIR)/Masimo.app/$(BUNDLE_EXECUTABLE_FOLDER_PATH)/Masimo";
			};
			name = Release;
		};
		2F0840812AE8ED2A007162E2 /* Debug */ = {
			isa = XCBuildConfiguration;
			buildSettings = {
				ALWAYS_EMBED_SWIFT_STANDARD_LIBRARIES = YES;
				CODE_SIGN_STYLE = Automatic;
				CURRENT_PROJECT_VERSION = 1;
				DEVELOPMENT_TEAM = 2X8Z2D5EWJ;
				GENERATE_INFOPLIST_FILE = YES;
				MARKETING_VERSION = 1.0;
				PRODUCT_BUNDLE_IDENTIFIER = dipesh.iOS.MasimoUITests;
				PRODUCT_NAME = "$(TARGET_NAME)";
				SWIFT_EMIT_LOC_STRINGS = NO;
				SWIFT_VERSION = 5.0;
				TARGETED_DEVICE_FAMILY = "1,2";
				TEST_TARGET_NAME = Masimo;
			};
			name = Debug;
		};
		2F0840822AE8ED2A007162E2 /* Release */ = {
			isa = XCBuildConfiguration;
			buildSettings = {
				ALWAYS_EMBED_SWIFT_STANDARD_LIBRARIES = YES;
				CODE_SIGN_STYLE = Automatic;
				CURRENT_PROJECT_VERSION = 1;
				DEVELOPMENT_TEAM = 2X8Z2D5EWJ;
				GENERATE_INFOPLIST_FILE = YES;
				MARKETING_VERSION = 1.0;
				PRODUCT_BUNDLE_IDENTIFIER = dipesh.iOS.MasimoUITests;
				PRODUCT_NAME = "$(TARGET_NAME)";
				SWIFT_EMIT_LOC_STRINGS = NO;
				SWIFT_VERSION = 5.0;
				TARGETED_DEVICE_FAMILY = "1,2";
				TEST_TARGET_NAME = Masimo;
			};
			name = Release;
		};
/* End XCBuildConfiguration section */

/* Begin XCConfigurationList section */
		2F0840512AE8ED25007162E2 /* Build configuration list for PBXProject "Masimo" */ = {
			isa = XCConfigurationList;
			buildConfigurations = (
				2F0840782AE8ED2A007162E2 /* Debug */,
				2F0840792AE8ED2A007162E2 /* Release */,
			);
			defaultConfigurationIsVisible = 0;
			defaultConfigurationName = Release;
		};
		2F08407A2AE8ED2A007162E2 /* Build configuration list for PBXNativeTarget "Masimo" */ = {
			isa = XCConfigurationList;
			buildConfigurations = (
				2F08407B2AE8ED2A007162E2 /* Debug */,
				2F08407C2AE8ED2A007162E2 /* Release */,
			);
			defaultConfigurationIsVisible = 0;
			defaultConfigurationName = Release;
		};
		2F08407D2AE8ED2A007162E2 /* Build configuration list for PBXNativeTarget "MasimoTests" */ = {
			isa = XCConfigurationList;
			buildConfigurations = (
				2F08407E2AE8ED2A007162E2 /* Debug */,
				2F08407F2AE8ED2A007162E2 /* Release */,
			);
			defaultConfigurationIsVisible = 0;
			defaultConfigurationName = Release;
		};
		2F0840802AE8ED2A007162E2 /* Build configuration list for PBXNativeTarget "MasimoUITests" */ = {
			isa = XCConfigurationList;
			buildConfigurations = (
				2F0840812AE8ED2A007162E2 /* Debug */,
				2F0840822AE8ED2A007162E2 /* Release */,
			);
			defaultConfigurationIsVisible = 0;
			defaultConfigurationName = Release;
		};
/* End XCConfigurationList section */
	};
	rootObject = 2F08404E2AE8ED25007162E2 /* Project object */;
}
